
Microsoft Visual Studio Solution File, Format Version 12.00
# Visual Studio 15
VisualStudioVersion = 15.0.28307.645
MinimumVisualStudioVersion = 10.0.40219.1
Project("{FAE04EC0-301F-11D3-BF4B-00C04F79EFBC}") = "UiAutomation.Dropbox", "UiAutomation.Dropbox\UiAutomation.Dropbox.csproj", "{49C737FB-BE9F-4E43-B264-A80F9D70DF87}"
EndProject
Global
	GlobalSection(SolutionConfigurationPlatforms) = preSolution
		Debug|Any CPU = Debug|Any CPU
		Release|Any CPU = Release|Any CPU
	EndGlobalSection
	GlobalSection(ProjectConfigurationPlatforms) = postSolution
		{49C737FB-BE9F-4E43-B264-A80F9D70DF87}.Debug|Any CPU.ActiveCfg = Debug|Any CPU
		{49C737FB-BE9F-4E43-B264-A80F9D70DF87}.Debug|Any CPU.Build.0 = Debug|Any CPU
		{49C737FB-BE9F-4E43-B264-A80F9D70DF87}.Release|Any CPU.ActiveCfg = Release|Any CPU
		{49C737FB-BE9F-4E43-B264-A80F9D70DF87}.Release|Any CPU.Build.0 = Release|Any CPU
	EndGlobalSection
	GlobalSection(SolutionProperties) = preSolution
		HideSolutionNode = FALSE
	EndGlobalSection
	GlobalSection(ExtensibilityGlobals) = postSolution
		SolutionGuid = {078E56A7-34F0-4BE0-A072-FBA050D4DD22}
	EndGlobalSection
EndGlobal
